// !$*UTF8*$!
{
	archiveVersion = 1;
	classes = {
	};
	objectVersion = 77;
	objects = {

/* Begin PBXBuildFile section */
		36269E73ADD38D2943EFFE2F /* Pods_auraTests.framework in Frameworks */ = {isa = PBXBuildFile; fileRef = D01331091971C7E787EB0668 /* Pods_auraTests.framework */; };
		3CE7FD7CA3AC4023171293AB /* Pods_aura_auraUITests.framework in Frameworks */ = {isa = PBXBuildFile; fileRef = FD5B3CF980EAB300300B901F /* Pods_aura_auraUITests.framework */; };
		D7FE1CFB6B85AF49B269CE03 /* Pods_aura.framework in Frameworks */ = {isa = PBXBuildFile; fileRef = C01A1F9B983AFE435F087A94 /* Pods_aura.framework */; };
/* End PBXBuildFile section */

/* Begin PBXContainerItemProxy section */
		A351E6DF2D39FD4900F3B124 /* PBXContainerItemProxy */ = {
			isa = PBXContainerItemProxy;
			containerPortal = A351E6C62D39FD4800F3B124 /* Project object */;
			proxyType = 1;
			remoteGlobalIDString = A351E6CD2D39FD4800F3B124;
			remoteInfo = aura;
		};
		A351E6E92D39FD4900F3B124 /* PBXContainerItemProxy */ = {
			isa = PBXContainerItemProxy;
			containerPortal = A351E6C62D39FD4800F3B124 /* Project object */;
			proxyType = 1;
			remoteGlobalIDString = A351E6CD2D39FD4800F3B124;
			remoteInfo = aura;
		};
/* End PBXContainerItemProxy section */

/* Begin PBXFileReference section */
		0BC4EB2CB38CFB4FFD0F9D61 /* Pods-auraTests.debug.xcconfig */ = {isa = PBXFileReference; includeInIndex = 1; lastKnownFileType = text.xcconfig; name = "Pods-auraTests.debug.xcconfig"; path = "Target Support Files/Pods-auraTests/Pods-auraTests.debug.xcconfig"; sourceTree = "<group>"; };
		327B0B924DB7836D033224DA /* Pods-aura-auraUITests.release.xcconfig */ = {isa = PBXFileReference; includeInIndex = 1; lastKnownFileType = text.xcconfig; name = "Pods-aura-auraUITests.release.xcconfig"; path = "Target Support Files/Pods-aura-auraUITests/Pods-aura-auraUITests.release.xcconfig"; sourceTree = "<group>"; };
		732082E518FCEF176A1499A3 /* Pods-aura.debug.xcconfig */ = {isa = PBXFileReference; includeInIndex = 1; lastKnownFileType = text.xcconfig; name = "Pods-aura.debug.xcconfig"; path = "Target Support Files/Pods-aura/Pods-aura.debug.xcconfig"; sourceTree = "<group>"; };
		9A2733C7D113C98A6AF18D16 /* Pods-aura-auraUITests.debug.xcconfig */ = {isa = PBXFileReference; includeInIndex = 1; lastKnownFileType = text.xcconfig; name = "Pods-aura-auraUITests.debug.xcconfig"; path = "Target Support Files/Pods-aura-auraUITests/Pods-aura-auraUITests.debug.xcconfig"; sourceTree = "<group>"; };
		A351E6CE2D39FD4800F3B124 /* aura.app */ = {isa = PBXFileReference; explicitFileType = wrapper.application; includeInIndex = 0; path = aura.app; sourceTree = BUILT_PRODUCTS_DIR; };
		A351E6DE2D39FD4900F3B124 /* auraTests.xctest */ = {isa = PBXFileReference; explicitFileType = wrapper.cfbundle; includeInIndex = 0; path = auraTests.xctest; sourceTree = BUILT_PRODUCTS_DIR; };
		A351E6E82D39FD4900F3B124 /* auraUITests.xctest */ = {isa = PBXFileReference; explicitFileType = wrapper.cfbundle; includeInIndex = 0; path = auraUITests.xctest; sourceTree = BUILT_PRODUCTS_DIR; };
		C01A1F9B983AFE435F087A94 /* Pods_aura.framework */ = {isa = PBXFileReference; explicitFileType = wrapper.framework; includeInIndex = 0; path = Pods_aura.framework; sourceTree = BUILT_PRODUCTS_DIR; };
		C514E26EEA16DF6D773ECF3E /* Pods-auraTests.release.xcconfig */ = {isa = PBXFileReference; includeInIndex = 1; lastKnownFileType = text.xcconfig; name = "Pods-auraTests.release.xcconfig"; path = "Target Support Files/Pods-auraTests/Pods-auraTests.release.xcconfig"; sourceTree = "<group>"; };
		CB88DBC2F51BA4294FF141C8 /* Pods-aura.release.xcconfig */ = {isa = PBXFileReference; includeInIndex = 1; lastKnownFileType = text.xcconfig; name = "Pods-aura.release.xcconfig"; path = "Target Support Files/Pods-aura/Pods-aura.release.xcconfig"; sourceTree = "<group>"; };
		D01331091971C7E787EB0668 /* Pods_auraTests.framework */ = {isa = PBXFileReference; explicitFileType = wrapper.framework; includeInIndex = 0; path = Pods_auraTests.framework; sourceTree = BUILT_PRODUCTS_DIR; };
		FD5B3CF980EAB300300B901F /* Pods_aura_auraUITests.framework */ = {isa = PBXFileReference; explicitFileType = wrapper.framework; includeInIndex = 0; path = Pods_aura_auraUITests.framework; sourceTree = BUILT_PRODUCTS_DIR; };
/* End PBXFileReference section */

/* Begin PBXFileSystemSynchronizedBuildFileExceptionSet section */
		A3C94A382D4756DE0043B221 /* Exceptions for "aura" folder in "aura" target */ = {
			isa = PBXFileSystemSynchronizedBuildFileExceptionSet;
			membershipExceptions = (
				Info.plist,
			);
			target = A351E6CD2D39FD4800F3B124 /* aura */;
		};
/* End PBXFileSystemSynchronizedBuildFileExceptionSet section */

/* Begin PBXFileSystemSynchronizedRootGroup section */
		A351E6D02D39FD4800F3B124 /* aura */ = {
			isa = PBXFileSystemSynchronizedRootGroup;
			exceptions = (
				A3C94A382D4756DE0043B221 /* Exceptions for "aura" folder in "aura" target */,
			);
			path = aura;
			sourceTree = "<group>";
		};
		A351E6E12D39FD4900F3B124 /* auraTests */ = {
			isa = PBXFileSystemSynchronizedRootGroup;
			path = auraTests;
			sourceTree = "<group>";
		};
		A351E6EB2D39FD4900F3B124 /* auraUITests */ = {
			isa = PBXFileSystemSynchronizedRootGroup;
			path = auraUITests;
			sourceTree = "<group>";
		};
/* End PBXFileSystemSynchronizedRootGroup section */

/* Begin PBXFrameworksBuildPhase section */
		A351E6CB2D39FD4800F3B124 /* Frameworks */ = {
			isa = PBXFrameworksBuildPhase;
			buildActionMask = 2147483647;
			files = (
				D7FE1CFB6B85AF49B269CE03 /* Pods_aura.framework in Frameworks */,
			);
			runOnlyForDeploymentPostprocessing = 0;
		};
		A351E6DB2D39FD4900F3B124 /* Frameworks */ = {
			isa = PBXFrameworksBuildPhase;
			buildActionMask = 2147483647;
			files = (
				36269E73ADD38D2943EFFE2F /* Pods_auraTests.framework in Frameworks */,
			);
			runOnlyForDeploymentPostprocessing = 0;
		};
		A351E6E52D39FD4900F3B124 /* Frameworks */ = {
			isa = PBXFrameworksBuildPhase;
			buildActionMask = 2147483647;
			files = (
				3CE7FD7CA3AC4023171293AB /* Pods_aura_auraUITests.framework in Frameworks */,
			);
			runOnlyForDeploymentPostprocessing = 0;
		};
/* End PBXFrameworksBuildPhase section */

/* Begin PBXGroup section */
		21E058BF26A437DD9AB9F7AD /* Pods */ = {
			isa = PBXGroup;
			children = (
				732082E518FCEF176A1499A3 /* Pods-aura.debug.xcconfig */,
				CB88DBC2F51BA4294FF141C8 /* Pods-aura.release.xcconfig */,
				9A2733C7D113C98A6AF18D16 /* Pods-aura-auraUITests.debug.xcconfig */,
				327B0B924DB7836D033224DA /* Pods-aura-auraUITests.release.xcconfig */,
				0BC4EB2CB38CFB4FFD0F9D61 /* Pods-auraTests.debug.xcconfig */,
				C514E26EEA16DF6D773ECF3E /* Pods-auraTests.release.xcconfig */,
			);
			path = Pods;
			sourceTree = "<group>";
		};
		54E4B481041A4D6071B23991 /* Frameworks */ = {
			isa = PBXGroup;
			children = (
				C01A1F9B983AFE435F087A94 /* Pods_aura.framework */,
				FD5B3CF980EAB300300B901F /* Pods_aura_auraUITests.framework */,
				D01331091971C7E787EB0668 /* Pods_auraTests.framework */,
			);
			name = Frameworks;
			sourceTree = "<group>";
		};
		A351E6C52D39FD4800F3B124 = {
			isa = PBXGroup;
			children = (
				A351E6D02D39FD4800F3B124 /* aura */,
				A351E6E12D39FD4900F3B124 /* auraTests */,
				A351E6EB2D39FD4900F3B124 /* auraUITests */,
				A351E6CF2D39FD4800F3B124 /* Products */,
				21E058BF26A437DD9AB9F7AD /* Pods */,
				54E4B481041A4D6071B23991 /* Frameworks */,
			);
			sourceTree = "<group>";
		};
		A351E6CF2D39FD4800F3B124 /* Products */ = {
			isa = PBXGroup;
			children = (
				A351E6CE2D39FD4800F3B124 /* aura.app */,
				A351E6DE2D39FD4900F3B124 /* auraTests.xctest */,
				A351E6E82D39FD4900F3B124 /* auraUITests.xctest */,
			);
			name = Products;
			sourceTree = "<group>";
		};
/* End PBXGroup section */

/* Begin PBXNativeTarget section */
		A351E6CD2D39FD4800F3B124 /* aura */ = {
			isa = PBXNativeTarget;
			buildConfigurationList = A351E6F22D39FD4900F3B124 /* Build configuration list for PBXNativeTarget "aura" */;
			buildPhases = (
				2EB6E3B12FF7EB567F92144E /* [CP] Check Pods Manifest.lock */,
				A351E6CA2D39FD4800F3B124 /* Sources */,
				A351E6CB2D39FD4800F3B124 /* Frameworks */,
				A351E6CC2D39FD4800F3B124 /* Resources */,
				1DD96DC0116CE0A3759E29E5 /* [CP] Copy Pods Resources */,
			);
			buildRules = (
			);
			dependencies = (
			);
			fileSystemSynchronizedGroups = (
				A351E6D02D39FD4800F3B124 /* aura */,
			);
			name = aura;
			productName = aura;
			productReference = A351E6CE2D39FD4800F3B124 /* aura.app */;
			productType = "com.apple.product-type.application";
		};
		A351E6DD2D39FD4900F3B124 /* auraTests */ = {
			isa = PBXNativeTarget;
			buildConfigurationList = A351E6F52D39FD4900F3B124 /* Build configuration list for PBXNativeTarget "auraTests" */;
			buildPhases = (
				4740988CCC680656CFF46BAD /* [CP] Check Pods Manifest.lock */,
				A351E6DA2D39FD4900F3B124 /* Sources */,
				A351E6DB2D39FD4900F3B124 /* Frameworks */,
				A351E6DC2D39FD4900F3B124 /* Resources */,
			);
			buildRules = (
			);
			dependencies = (
				A351E6E02D39FD4900F3B124 /* PBXTargetDependency */,
			);
			fileSystemSynchronizedGroups = (
				A351E6E12D39FD4900F3B124 /* auraTests */,
			);
			name = auraTests;
			productName = auraTests;
			productReference = A351E6DE2D39FD4900F3B124 /* auraTests.xctest */;
			productType = "com.apple.product-type.bundle.unit-test";
		};
		A351E6E72D39FD4900F3B124 /* auraUITests */ = {
			isa = PBXNativeTarget;
			buildConfigurationList = A351E6F82D39FD4900F3B124 /* Build configuration list for PBXNativeTarget "auraUITests" */;
			buildPhases = (
				317995A449870EF559F29700 /* [CP] Check Pods Manifest.lock */,
				A351E6E42D39FD4900F3B124 /* Sources */,
				A351E6E52D39FD4900F3B124 /* Frameworks */,
				A351E6E62D39FD4900F3B124 /* Resources */,
				91F1CC5A4D93800DD983045E /* [CP] Copy Pods Resources */,
			);
			buildRules = (
			);
			dependencies = (
				A351E6EA2D39FD4900F3B124 /* PBXTargetDependency */,
			);
			fileSystemSynchronizedGroups = (
				A351E6EB2D39FD4900F3B124 /* auraUITests */,
			);
			name = auraUITests;
			productName = auraUITests;
			productReference = A351E6E82D39FD4900F3B124 /* auraUITests.xctest */;
			productType = "com.apple.product-type.bundle.ui-testing";
		};
/* End PBXNativeTarget section */

/* Begin PBXProject section */
		A351E6C62D39FD4800F3B124 /* Project object */ = {
			isa = PBXProject;
			attributes = {
				BuildIndependentTargetsInParallel = 1;
				LastSwiftUpdateCheck = 1610;
				LastUpgradeCheck = 1610;
				TargetAttributes = {
					A351E6CD2D39FD4800F3B124 = {
						CreatedOnToolsVersion = 16.1;
					};
					A351E6DD2D39FD4900F3B124 = {
						CreatedOnToolsVersion = 16.1;
						TestTargetID = A351E6CD2D39FD4800F3B124;
					};
					A351E6E72D39FD4900F3B124 = {
						CreatedOnToolsVersion = 16.1;
						TestTargetID = A351E6CD2D39FD4800F3B124;
					};
				};
			};
			buildConfigurationList = A351E6C92D39FD4800F3B124 /* Build configuration list for PBXProject "aura" */;
			developmentRegion = en;
			hasScannedForEncodings = 0;
			knownRegions = (
				en,
				Base,
			);
			mainGroup = A351E6C52D39FD4800F3B124;
			minimizedProjectReferenceProxies = 1;
			preferredProjectObjectVersion = 77;
			productRefGroup = A351E6CF2D39FD4800F3B124 /* Products */;
			projectDirPath = "";
			projectRoot = "";
			targets = (
				A351E6CD2D39FD4800F3B124 /* aura */,
				A351E6DD2D39FD4900F3B124 /* auraTests */,
				A351E6E72D39FD4900F3B124 /* auraUITests */,
			);
		};
/* End PBXProject section */

/* Begin PBXResourcesBuildPhase section */
		A351E6CC2D39FD4800F3B124 /* Resources */ = {
			isa = PBXResourcesBuildPhase;
			buildActionMask = 2147483647;
			files = (
			);
			runOnlyForDeploymentPostprocessing = 0;
		};
		A351E6DC2D39FD4900F3B124 /* Resources */ = {
			isa = PBXResourcesBuildPhase;
			buildActionMask = 2147483647;
			files = (
			);
			runOnlyForDeploymentPostprocessing = 0;
		};
		A351E6E62D39FD4900F3B124 /* Resources */ = {
			isa = PBXResourcesBuildPhase;
			buildActionMask = 2147483647;
			files = (
			);
			runOnlyForDeploymentPostprocessing = 0;
		};
/* End PBXResourcesBuildPhase section */

/* Begin PBXShellScriptBuildPhase section */
		1DD96DC0116CE0A3759E29E5 /* [CP] Copy Pods Resources */ = {
			isa = PBXShellScriptBuildPhase;
			buildActionMask = 2147483647;
			files = (
			);
			inputFileListPaths = (
				"${PODS_ROOT}/Target Support Files/Pods-aura/Pods-aura-resources-${CONFIGURATION}-input-files.xcfilelist",
			);
			name = "[CP] Copy Pods Resources";
			outputFileListPaths = (
				"${PODS_ROOT}/Target Support Files/Pods-aura/Pods-aura-resources-${CONFIGURATION}-output-files.xcfilelist",
			);
			runOnlyForDeploymentPostprocessing = 0;
			shellPath = /bin/sh;
			shellScript = "\"${PODS_ROOT}/Target Support Files/Pods-aura/Pods-aura-resources.sh\"\n";
			showEnvVarsInLog = 0;
		};
		2EB6E3B12FF7EB567F92144E /* [CP] Check Pods Manifest.lock */ = {
			isa = PBXShellScriptBuildPhase;
			buildActionMask = 2147483647;
			files = (
			);
			inputFileListPaths = (
			);
			inputPaths = (
				"${PODS_PODFILE_DIR_PATH}/Podfile.lock",
				"${PODS_ROOT}/Manifest.lock",
			);
			name = "[CP] Check Pods Manifest.lock";
			outputFileListPaths = (
			);
			outputPaths = (
				"$(DERIVED_FILE_DIR)/Pods-aura-checkManifestLockResult.txt",
			);
			runOnlyForDeploymentPostprocessing = 0;
			shellPath = /bin/sh;
			shellScript = "diff \"${PODS_PODFILE_DIR_PATH}/Podfile.lock\" \"${PODS_ROOT}/Manifest.lock\" > /dev/null\nif [ $? != 0 ] ; then\n    # print error to STDERR\n    echo \"error: The sandbox is not in sync with the Podfile.lock. Run 'pod install' or update your CocoaPods installation.\" >&2\n    exit 1\nfi\n# This output is used by Xcode 'outputs' to avoid re-running this script phase.\necho \"SUCCESS\" > \"${SCRIPT_OUTPUT_FILE_0}\"\n";
			showEnvVarsInLog = 0;
		};
		317995A449870EF559F29700 /* [CP] Check Pods Manifest.lock */ = {
			isa = PBXShellScriptBuildPhase;
			buildActionMask = 2147483647;
			files = (
			);
			inputFileListPaths = (
			);
			inputPaths = (
				"${PODS_PODFILE_DIR_PATH}/Podfile.lock",
				"${PODS_ROOT}/Manifest.lock",
			);
			name = "[CP] Check Pods Manifest.lock";
			outputFileListPaths = (
			);
			outputPaths = (
				"$(DERIVED_FILE_DIR)/Pods-aura-auraUITests-checkManifestLockResult.txt",
			);
			runOnlyForDeploymentPostprocessing = 0;
			shellPath = /bin/sh;
			shellScript = "diff \"${PODS_PODFILE_DIR_PATH}/Podfile.lock\" \"${PODS_ROOT}/Manifest.lock\" > /dev/null\nif [ $? != 0 ] ; then\n    # print error to STDERR\n    echo \"error: The sandbox is not in sync with the Podfile.lock. Run 'pod install' or update your CocoaPods installation.\" >&2\n    exit 1\nfi\n# This output is used by Xcode 'outputs' to avoid re-running this script phase.\necho \"SUCCESS\" > \"${SCRIPT_OUTPUT_FILE_0}\"\n";
			showEnvVarsInLog = 0;
		};
		4740988CCC680656CFF46BAD /* [CP] Check Pods Manifest.lock */ = {
			isa = PBXShellScriptBuildPhase;
			buildActionMask = 2147483647;
			files = (
			);
			inputFileListPaths = (
			);
			inputPaths = (
				"${PODS_PODFILE_DIR_PATH}/Podfile.lock",
				"${PODS_ROOT}/Manifest.lock",
			);
			name = "[CP] Check Pods Manifest.lock";
			outputFileListPaths = (
			);
			outputPaths = (
				"$(DERIVED_FILE_DIR)/Pods-auraTests-checkManifestLockResult.txt",
			);
			runOnlyForDeploymentPostprocessing = 0;
			shellPath = /bin/sh;
			shellScript = "diff \"${PODS_PODFILE_DIR_PATH}/Podfile.lock\" \"${PODS_ROOT}/Manifest.lock\" > /dev/null\nif [ $? != 0 ] ; then\n    # print error to STDERR\n    echo \"error: The sandbox is not in sync with the Podfile.lock. Run 'pod install' or update your CocoaPods installation.\" >&2\n    exit 1\nfi\n# This output is used by Xcode 'outputs' to avoid re-running this script phase.\necho \"SUCCESS\" > \"${SCRIPT_OUTPUT_FILE_0}\"\n";
			showEnvVarsInLog = 0;
		};
		91F1CC5A4D93800DD983045E /* [CP] Copy Pods Resources */ = {
			isa = PBXShellScriptBuildPhase;
			buildActionMask = 2147483647;
			files = (
			);
			inputFileListPaths = (
				"${PODS_ROOT}/Target Support Files/Pods-aura-auraUITests/Pods-aura-auraUITests-resources-${CONFIGURATION}-input-files.xcfilelist",
			);
			name = "[CP] Copy Pods Resources";
			outputFileListPaths = (
				"${PODS_ROOT}/Target Support Files/Pods-aura-auraUITests/Pods-aura-auraUITests-resources-${CONFIGURATION}-output-files.xcfilelist",
			);
			runOnlyForDeploymentPostprocessing = 0;
			shellPath = /bin/sh;
			shellScript = "\"${PODS_ROOT}/Target Support Files/Pods-aura-auraUITests/Pods-aura-auraUITests-resources.sh\"\n";
			showEnvVarsInLog = 0;
		};
/* End PBXShellScriptBuildPhase section */

/* Begin PBXSourcesBuildPhase section */
		A351E6CA2D39FD4800F3B124 /* Sources */ = {
			isa = PBXSourcesBuildPhase;
			buildActionMask = 2147483647;
			files = (
			);
			runOnlyForDeploymentPostprocessing = 0;
		};
		A351E6DA2D39FD4900F3B124 /* Sources */ = {
			isa = PBXSourcesBuildPhase;
			buildActionMask = 2147483647;
			files = (
			);
			runOnlyForDeploymentPostprocessing = 0;
		};
		A351E6E42D39FD4900F3B124 /* Sources */ = {
			isa = PBXSourcesBuildPhase;
			buildActionMask = 2147483647;
			files = (
			);
			runOnlyForDeploymentPostprocessing = 0;
		};
/* End PBXSourcesBuildPhase section */

/* Begin PBXTargetDependency section */
		A351E6E02D39FD4900F3B124 /* PBXTargetDependency */ = {
			isa = PBXTargetDependency;
			target = A351E6CD2D39FD4800F3B124 /* aura */;
			targetProxy = A351E6DF2D39FD4900F3B124 /* PBXContainerItemProxy */;
		};
		A351E6EA2D39FD4900F3B124 /* PBXTargetDependency */ = {
			isa = PBXTargetDependency;
			target = A351E6CD2D39FD4800F3B124 /* aura */;
			targetProxy = A351E6E92D39FD4900F3B124 /* PBXContainerItemProxy */;
		};
/* End PBXTargetDependency section */

/* Begin XCBuildConfiguration section */
		A351E6F02D39FD4900F3B124 /* Debug */ = {
			isa = XCBuildConfiguration;
			buildSettings = {
				ALWAYS_SEARCH_USER_PATHS = NO;
				ASSETCATALOG_COMPILER_GENERATE_SWIFT_ASSET_SYMBOL_EXTENSIONS = YES;
				CLANG_ANALYZER_NONNULL = YES;
				CLANG_ANALYZER_NUMBER_OBJECT_CONVERSION = YES_AGGRESSIVE;
				CLANG_CXX_LANGUAGE_STANDARD = "gnu++20";
				CLANG_ENABLE_MODULES = YES;
				CLANG_ENABLE_OBJC_ARC = YES;
				CLANG_ENABLE_OBJC_WEAK = YES;
				CLANG_WARN_BLOCK_CAPTURE_AUTORELEASING = YES;
				CLANG_WARN_BOOL_CONVERSION = YES;
				CLANG_WARN_COMMA = YES;
				CLANG_WARN_CONSTANT_CONVERSION = YES;
				CLANG_WARN_DEPRECATED_OBJC_IMPLEMENTATIONS = YES;
				CLANG_WARN_DIRECT_OBJC_ISA_USAGE = YES_ERROR;
				CLANG_WARN_DOCUMENTATION_COMMENTS = YES;
				CLANG_WARN_EMPTY_BODY = YES;
				CLANG_WARN_ENUM_CONVERSION = YES;
				CLANG_WARN_INFINITE_RECURSION = YES;
				CLANG_WARN_INT_CONVERSION = YES;
				CLANG_WARN_NON_LITERAL_NULL_CONVERSION = YES;
				CLANG_WARN_OBJC_IMPLICIT_RETAIN_SELF = YES;
				CLANG_WARN_OBJC_LITERAL_CONVERSION = YES;
				CLANG_WARN_OBJC_ROOT_CLASS = YES_ERROR;
				CLANG_WARN_QUOTED_INCLUDE_IN_FRAMEWORK_HEADER = YES;
				CLANG_WARN_RANGE_LOOP_ANALYSIS = YES;
				CLANG_WARN_STRICT_PROTOTYPES = YES;
				CLANG_WARN_SUSPICIOUS_MOVE = YES;
				CLANG_WARN_UNGUARDED_AVAILABILITY = YES_AGGRESSIVE;
				CLANG_WARN_UNREACHABLE_CODE = YES;
				CLANG_WARN__DUPLICATE_METHOD_MATCH = YES;
				COPY_PHASE_STRIP = NO;
				DEBUG_INFORMATION_FORMAT = dwarf;
				ENABLE_STRICT_OBJC_MSGSEND = YES;
				ENABLE_TESTABILITY = YES;
				ENABLE_USER_SCRIPT_SANDBOXING = NO;
				GCC_C_LANGUAGE_STANDARD = gnu17;
				GCC_DYNAMIC_NO_PIC = NO;
				GCC_NO_COMMON_BLOCKS = YES;
				GCC_OPTIMIZATION_LEVEL = 0;
				GCC_PREPROCESSOR_DEFINITIONS = (
					"DEBUG=1",
					"$(inherited)",
				);
				GCC_WARN_64_TO_32_BIT_CONVERSION = YES;
				GCC_WARN_ABOUT_RETURN_TYPE = YES_ERROR;
				GCC_WARN_UNDECLARED_SELECTOR = YES;
				GCC_WARN_UNINITIALIZED_AUTOS = YES_AGGRESSIVE;
				GCC_WARN_UNUSED_FUNCTION = YES;
				GCC_WARN_UNUSED_VARIABLE = YES;
				IPHONEOS_DEPLOYMENT_TARGET = 18.1;
				LOCALIZATION_PREFERS_STRING_CATALOGS = YES;
				MTL_ENABLE_DEBUG_INFO = INCLUDE_SOURCE;
				MTL_FAST_MATH = YES;
				ONLY_ACTIVE_ARCH = YES;
				SDKROOT = iphoneos;
				SWIFT_ACTIVE_COMPILATION_CONDITIONS = "DEBUG $(inherited)";
				SWIFT_OPTIMIZATION_LEVEL = "-Onone";
			};
			name = Debug;
		};
		A351E6F12D39FD4900F3B124 /* Release */ = {
			isa = XCBuildConfiguration;
			buildSettings = {
				ALWAYS_SEARCH_USER_PATHS = NO;
				ASSETCATALOG_COMPILER_GENERATE_SWIFT_ASSET_SYMBOL_EXTENSIONS = YES;
				CLANG_ANALYZER_NONNULL = YES;
				CLANG_ANALYZER_NUMBER_OBJECT_CONVERSION = YES_AGGRESSIVE;
				CLANG_CXX_LANGUAGE_STANDARD = "gnu++20";
				CLANG_ENABLE_MODULES = YES;
				CLANG_ENABLE_OBJC_ARC = YES;
				CLANG_ENABLE_OBJC_WEAK = YES;
				CLANG_WARN_BLOCK_CAPTURE_AUTORELEASING = YES;
				CLANG_WARN_BOOL_CONVERSION = YES;
				CLANG_WARN_COMMA = YES;
				CLANG_WARN_CONSTANT_CONVERSION = YES;
				CLANG_WARN_DEPRECATED_OBJC_IMPLEMENTATIONS = YES;
				CLANG_WARN_DIRECT_OBJC_ISA_USAGE = YES_ERROR;
				CLANG_WARN_DOCUMENTATION_COMMENTS = YES;
				CLANG_WARN_EMPTY_BODY = YES;
				CLANG_WARN_ENUM_CONVERSION = YES;
				CLANG_WARN_INFINITE_RECURSION = YES;
				CLANG_WARN_INT_CONVERSION = YES;
				CLANG_WARN_NON_LITERAL_NULL_CONVERSION = YES;
				CLANG_WARN_OBJC_IMPLICIT_RETAIN_SELF = YES;
				CLANG_WARN_OBJC_LITERAL_CONVERSION = YES;
				CLANG_WARN_OBJC_ROOT_CLASS = YES_ERROR;
				CLANG_WARN_QUOTED_INCLUDE_IN_FRAMEWORK_HEADER = YES;
				CLANG_WARN_RANGE_LOOP_ANALYSIS = YES;
				CLANG_WARN_STRICT_PROTOTYPES = YES;
				CLANG_WARN_SUSPICIOUS_MOVE = YES;
				CLANG_WARN_UNGUARDED_AVAILABILITY = YES_AGGRESSIVE;
				CLANG_WARN_UNREACHABLE_CODE = YES;
				CLANG_WARN__DUPLICATE_METHOD_MATCH = YES;
				COPY_PHASE_STRIP = NO;
				DEBUG_INFORMATION_FORMAT = "dwarf-with-dsym";
				ENABLE_NS_ASSERTIONS = NO;
				ENABLE_STRICT_OBJC_MSGSEND = YES;
				ENABLE_USER_SCRIPT_SANDBOXING = NO;
				GCC_C_LANGUAGE_STANDARD = gnu17;
				GCC_NO_COMMON_BLOCKS = YES;
				GCC_WARN_64_TO_32_BIT_CONVERSION = YES;
				GCC_WARN_ABOUT_RETURN_TYPE = YES_ERROR;
				GCC_WARN_UNDECLARED_SELECTOR = YES;
				GCC_WARN_UNINITIALIZED_AUTOS = YES_AGGRESSIVE;
				GCC_WARN_UNUSED_FUNCTION = YES;
				GCC_WARN_UNUSED_VARIABLE = YES;
				IPHONEOS_DEPLOYMENT_TARGET = 18.1;
				LOCALIZATION_PREFERS_STRING_CATALOGS = YES;
				MTL_ENABLE_DEBUG_INFO = NO;
				MTL_FAST_MATH = YES;
				SDKROOT = iphoneos;
				SWIFT_COMPILATION_MODE = wholemodule;
				VALIDATE_PRODUCT = YES;
			};
			name = Release;
		};
		A351E6F32D39FD4900F3B124 /* Debug */ = {
			isa = XCBuildConfiguration;
			baseConfigurationReference = 732082E518FCEF176A1499A3 /* Pods-aura.debug.xcconfig */;
			buildSettings = {
				ASSETCATALOG_COMPILER_APPICON_NAME = AppIcon;
				ASSETCATALOG_COMPILER_GLOBAL_ACCENT_COLOR_NAME = AccentColor;
				CODE_SIGN_ENTITLEMENTS = aura/aura.entitlements;
				CODE_SIGN_STYLE = Automatic;
				CURRENT_PROJECT_VERSION = 1;
				DEVELOPMENT_ASSET_PATHS = "\"aura/Preview Content\"";
				DEVELOPMENT_TEAM = 76R68ZMQGR;
				ENABLE_PREVIEWS = YES;
				GENERATE_INFOPLIST_FILE = YES;
				INFOPLIST_FILE = aura/Info.plist;
				INFOPLIST_KEY_NFCReaderUsageDescription = "Scan RFID tag to identify clothes";
				INFOPLIST_KEY_NSCameraUsageDescription = "Detect a clothes";
				INFOPLIST_KEY_NSPhotoLibraryUsageDescription = "Detect a clothes";
				INFOPLIST_KEY_UIApplicationSceneManifest_Generation = YES;
				INFOPLIST_KEY_UIApplicationSupportsIndirectInputEvents = YES;
				INFOPLIST_KEY_UILaunchScreen_Generation = YES;
				INFOPLIST_KEY_UILaunchStoryboardName = LaunchScreen.storyboard;
				INFOPLIST_KEY_UISupportedInterfaceOrientations = UIInterfaceOrientationPortrait;
				INFOPLIST_KEY_UISupportedInterfaceOrientations_iPad = "UIInterfaceOrientationLandscapeLeft UIInterfaceOrientationLandscapeRight UIInterfaceOrientationPortrait UIInterfaceOrientationPortraitUpsideDown";
				LD_RUNPATH_SEARCH_PATHS = (
					"$(inherited)",
					"@executable_path/Frameworks",
				);
				MARKETING_VERSION = 1.0;
				PRODUCT_BUNDLE_IDENTIFIER = natasharadika.aura;
				PRODUCT_NAME = "$(TARGET_NAME)";
				SUPPORTED_PLATFORMS = "iphoneos iphonesimulator";
				SUPPORTS_MACCATALYST = NO;
				SUPPORTS_MAC_DESIGNED_FOR_IPHONE_IPAD = NO;
				SUPPORTS_XR_DESIGNED_FOR_IPHONE_IPAD = NO;
				SWIFT_EMIT_LOC_STRINGS = YES;
				SWIFT_VERSION = 5.0;
				TARGETED_DEVICE_FAMILY = 1;
			};
			name = Debug;
		};
		A351E6F42D39FD4900F3B124 /* Release */ = {
			isa = XCBuildConfiguration;
			baseConfigurationReference = CB88DBC2F51BA4294FF141C8 /* Pods-aura.release.xcconfig */;
			buildSettings = {
				ASSETCATALOG_COMPILER_APPICON_NAME = AppIcon;
				ASSETCATALOG_COMPILER_GLOBAL_ACCENT_COLOR_NAME = AccentColor;
				CODE_SIGN_ENTITLEMENTS = aura/aura.entitlements;
				CODE_SIGN_STYLE = Automatic;
				CURRENT_PROJECT_VERSION = 1;
				DEVELOPMENT_ASSET_PATHS = "\"aura/Preview Content\"";
				DEVELOPMENT_TEAM = 76R68ZMQGR;
				ENABLE_PREVIEWS = YES;
				GENERATE_INFOPLIST_FILE = YES;
				INFOPLIST_FILE = aura/Info.plist;
				INFOPLIST_KEY_NFCReaderUsageDescription = "Scan RFID tag to identify clothes";
				INFOPLIST_KEY_NSCameraUsageDescription = "Detect a clothes";
				INFOPLIST_KEY_NSPhotoLibraryUsageDescription = "Detect a clothes";
				INFOPLIST_KEY_UIApplicationSceneManifest_Generation = YES;
				INFOPLIST_KEY_UIApplicationSupportsIndirectInputEvents = YES;
				INFOPLIST_KEY_UILaunchScreen_Generation = YES;
				INFOPLIST_KEY_UILaunchStoryboardName = LaunchScreen.storyboard;
				INFOPLIST_KEY_UISupportedInterfaceOrientations = UIInterfaceOrientationPortrait;
				INFOPLIST_KEY_UISupportedInterfaceOrientations_iPad = "UIInterfaceOrientationLandscapeLeft UIInterfaceOrientationLandscapeRight UIInterfaceOrientationPortrait UIInterfaceOrientationPortraitUpsideDown";
				LD_RUNPATH_SEARCH_PATHS = (
					"$(inherited)",
					"@executable_path/Frameworks",
				);
				MARKETING_VERSION = 1.0;
				PRODUCT_BUNDLE_IDENTIFIER = natasharadika.aura;
				PRODUCT_NAME = "$(TARGET_NAME)";
				SUPPORTED_PLATFORMS = "iphoneos iphonesimulator";
				SUPPORTS_MACCATALYST = NO;
				SUPPORTS_MAC_DESIGNED_FOR_IPHONE_IPAD = NO;
				SUPPORTS_XR_DESIGNED_FOR_IPHONE_IPAD = NO;
				SWIFT_EMIT_LOC_STRINGS = YES;
				SWIFT_VERSION = 5.0;
				TARGETED_DEVICE_FAMILY = 1;
			};
			name = Release;
		};
		A351E6F62D39FD4900F3B124 /* Debug */ = {
			isa = XCBuildConfiguration;
			baseConfigurationReference = 0BC4EB2CB38CFB4FFD0F9D61 /* Pods-auraTests.debug.xcconfig */;
			buildSettings = {
				BUNDLE_LOADER = "$(TEST_HOST)";
				CODE_SIGN_STYLE = Automatic;
				CURRENT_PROJECT_VERSION = 1;
				DEVELOPMENT_TEAM = 76R68ZMQGR;
				GENERATE_INFOPLIST_FILE = YES;
				IPHONEOS_DEPLOYMENT_TARGET = 18.1;
				MARKETING_VERSION = 1.0;
				PRODUCT_BUNDLE_IDENTIFIER = natasharadika.auraTests;
				PRODUCT_NAME = "$(TARGET_NAME)";
				SWIFT_EMIT_LOC_STRINGS = NO;
				SWIFT_VERSION = 5.0;
				TARGETED_DEVICE_FAMILY = "1,2";
				TEST_HOST = "$(BUILT_PRODUCTS_DIR)/aura.app/$(BUNDLE_EXECUTABLE_FOLDER_PATH)/aura";
			};
			name = Debug;
		};
		A351E6F72D39FD4900F3B124 /* Release */ = {
			isa = XCBuildConfiguration;
			baseConfigurationReference = C514E26EEA16DF6D773ECF3E /* Pods-auraTests.release.xcconfig */;
			buildSettings = {
				BUNDLE_LOADER = "$(TEST_HOST)";
				CODE_SIGN_STYLE = Automatic;
				CURRENT_PROJECT_VERSION = 1;
				DEVELOPMENT_TEAM = 76R68ZMQGR;
				GENERATE_INFOPLIST_FILE = YES;
				IPHONEOS_DEPLOYMENT_TARGET = 18.1;
				MARKETING_VERSION = 1.0;
				PRODUCT_BUNDLE_IDENTIFIER = natasharadika.auraTests;
				PRODUCT_NAME = "$(TARGET_NAME)";
				SWIFT_EMIT_LOC_STRINGS = NO;
				SWIFT_VERSION = 5.0;
				TARGETED_DEVICE_FAMILY = "1,2";
				TEST_HOST = "$(BUILT_PRODUCTS_DIR)/aura.app/$(BUNDLE_EXECUTABLE_FOLDER_PATH)/aura";
			};
			name = Release;
		};
		A351E6F92D39FD4900F3B124 /* Debug */ = {
			isa = XCBuildConfiguration;
			baseConfigurationReference = 9A2733C7D113C98A6AF18D16 /* Pods-aura-auraUITests.debug.xcconfig */;
			buildSettings = {
				CODE_SIGN_STYLE = Automatic;
				CURRENT_PROJECT_VERSION = 1;
				DEVELOPMENT_TEAM = 76R68ZMQGR;
				GENERATE_INFOPLIST_FILE = YES;
				MARKETING_VERSION = 1.0;
				PRODUCT_BUNDLE_IDENTIFIER = natasharadika.auraUITests;
				PRODUCT_NAME = "$(TARGET_NAME)";
				SWIFT_EMIT_LOC_STRINGS = NO;
				SWIFT_VERSION = 5.0;
				TARGETED_DEVICE_FAMILY = "1,2";
				TEST_TARGET_NAME = aura;
			};
			name = Debug;
		};
		A351E6FA2D39FD4900F3B124 /* Release */ = {
			isa = XCBuildConfiguration;
			baseConfigurationReference = 327B0B924DB7836D033224DA /* Pods-aura-auraUITests.release.xcconfig */;
			buildSettings = {
				CODE_SIGN_STYLE = Automatic;
				CURRENT_PROJECT_VERSION = 1;
				DEVELOPMENT_TEAM = 76R68ZMQGR;
				GENERATE_INFOPLIST_FILE = YES;
				MARKETING_VERSION = 1.0;
				PRODUCT_BUNDLE_IDENTIFIER = natasharadika.auraUITests;
				PRODUCT_NAME = "$(TARGET_NAME)";
				SWIFT_EMIT_LOC_STRINGS = NO;
				SWIFT_VERSION = 5.0;
				TARGETED_DEVICE_FAMILY = "1,2";
				TEST_TARGET_NAME = aura;
			};
			name = Release;
		};
/* End XCBuildConfiguration section */

/* Begin XCConfigurationList section */
		A351E6C92D39FD4800F3B124 /* Build configuration list for PBXProject "aura" */ = {
			isa = XCConfigurationList;
			buildConfigurations = (
				A351E6F02D39FD4900F3B124 /* Debug */,
				A351E6F12D39FD4900F3B124 /* Release */,
			);
			defaultConfigurationIsVisible = 0;
			defaultConfigurationName = Release;
		};
		A351E6F22D39FD4900F3B124 /* Build configuration list for PBXNativeTarget "aura" */ = {
			isa = XCConfigurationList;
			buildConfigurations = (
				A351E6F32D39FD4900F3B124 /* Debug */,
				A351E6F42D39FD4900F3B124 /* Release */,
			);
			defaultConfigurationIsVisible = 0;
			defaultConfigurationName = Release;
		};
		A351E6F52D39FD4900F3B124 /* Build configuration list for PBXNativeTarget "auraTests" */ = {
			isa = XCConfigurationList;
			buildConfigurations = (
				A351E6F62D39FD4900F3B124 /* Debug */,
				A351E6F72D39FD4900F3B124 /* Release */,
			);
			defaultConfigurationIsVisible = 0;
			defaultConfigurationName = Release;
		};
		A351E6F82D39FD4900F3B124 /* Build configuration list for PBXNativeTarget "auraUITests" */ = {
			isa = XCConfigurationList;
			buildConfigurations = (
				A351E6F92D39FD4900F3B124 /* Debug */,
				A351E6FA2D39FD4900F3B124 /* Release */,
			);
			defaultConfigurationIsVisible = 0;
			defaultConfigurationName = Release;
		};
/* End XCConfigurationList section */
	};
	rootObject = A351E6C62D39FD4800F3B124 /* Project object */;
}
